{
  "originHash" : "e4ef4b5630812098cfab9206e6e3e2f305a51152968938d534c540c45bc77a8e",
  "pins" : [
    {
      "identity" : "capacitor-swift-pm",
      "kind" : "remoteSourceControl",
      "location" : "https://github.com/ionic-team/capacitor-swift-pm.git",
      "state" : {
        "revision" : "0e862e6ff13852a710c8a484180ca4d6a2cc9761",
        "version" : "8.2.0"
      }
    }
  ],
  "version" : 3
}
